
Microsoft Visual Studio Solution File, Format Version 12.00
# Visual Studio 14
VisualStudioVersion = 14.0.23107.0
MinimumVisualStudioVersion = 10.0.40219.1
Project("{FAE04EC0-301F-11D3-BF4B-00C04F79EFBC}") = "DBEngine", "DBEngine\DBEngine.csproj", "{9F039B4C-22C7-488B-9E2F-B7224CC46A2D}"
EndProject
Project("{FAE04EC0-301F-11D3-BF4B-00C04F79EFBC}") = "DBElement", "DBElement\DBElement.csproj", "{1D9FDB3E-8C03-493F-8D76-0443B298E854}"
EndProject
Project("{FAE04EC0-301F-11D3-BF4B-00C04F79EFBC}") = "Display", "Display\Display.csproj", "{84FEC583-D643-4465-ADA0-C34C9BF8C624}"
EndProject
Project("{FAE04EC0-301F-11D3-BF4B-00C04F79EFBC}") = "DBExtensions", "DBExtensions\DBExtensions.csproj", "{A6ECC225-6634-474E-97F6-54FB2F758C99}"
EndProject
Project("{FAE04EC0-301F-11D3-BF4B-00C04F79EFBC}") = "UtilityExtensions", "UtilityExtensions\UtilityExtensions.csproj", "{7092AC78-846B-424B-9CC3-94E2CB2D3C25}"
EndProject
Project("{FAE04EC0-301F-11D3-BF4B-00C04F79EFBC}") = "TestExec", "TestExec\TestExec.csproj", "{82E16B27-0174-499B-BFEB-169FE687EFA2}"
EndProject
Project("{FAE04EC0-301F-11D3-BF4B-00C04F79EFBC}") = "DemonstrationPackage", "DemonstrationPackage\DemonstrationPackage.csproj", "{C47E816C-8A5C-48CE-A44B-9A095BADD0CB}"
EndProject
Project("{FAE04EC0-301F-11D3-BF4B-00C04F79EFBC}") = "DBEleEdit", "DBEleEdit\DBEleEdit.csproj", "{B10CC096-D791-437C-812F-A18ECEF5902A}"
EndProject
Project("{FAE04EC0-301F-11D3-BF4B-00C04F79EFBC}") = "SchedulerPackage", "SchedulerPackage\SchedulerPackage.csproj", "{45837DC4-D36B-41BB-A4A4-A785C43F6B3A}"
EndProject
Project("{FAE04EC0-301F-11D3-BF4B-00C04F79EFBC}") = "PersistEngine", "PersistEngine\PersistEngine.csproj", "{FF83A06F-4CC1-4985-973C-3EE0CBFC4CC0}"
EndProject
Project("{FAE04EC0-301F-11D3-BF4B-00C04F79EFBC}") = "QueryPackage", "QueryPackage\QueryPackage.csproj", "{89EB46F1-FC6D-4334-AF54-B3D020EADCC5}"
EndProject
Project("{FAE04EC0-301F-11D3-BF4B-00C04F79EFBC}") = "DBFactory", "DBFactory\DBFactory.csproj", "{3F40E5B7-90FE-4A7E-9A96-9F604CF94134}"
EndProject
Global
	GlobalSection(SolutionConfigurationPlatforms) = preSolution
		Debug|Any CPU = Debug|Any CPU
		Release|Any CPU = Release|Any CPU
	EndGlobalSection
	GlobalSection(ProjectConfigurationPlatforms) = postSolution
		{9F039B4C-22C7-488B-9E2F-B7224CC46A2D}.Debug|Any CPU.ActiveCfg = Debug|Any CPU
		{9F039B4C-22C7-488B-9E2F-B7224CC46A2D}.Debug|Any CPU.Build.0 = Debug|Any CPU
		{9F039B4C-22C7-488B-9E2F-B7224CC46A2D}.Release|Any CPU.ActiveCfg = Release|Any CPU
		{9F039B4C-22C7-488B-9E2F-B7224CC46A2D}.Release|Any CPU.Build.0 = Release|Any CPU
		{1D9FDB3E-8C03-493F-8D76-0443B298E854}.Debug|Any CPU.ActiveCfg = Debug|Any CPU
		{1D9FDB3E-8C03-493F-8D76-0443B298E854}.Debug|Any CPU.Build.0 = Debug|Any CPU
		{1D9FDB3E-8C03-493F-8D76-0443B298E854}.Release|Any CPU.ActiveCfg = Release|Any CPU
		{1D9FDB3E-8C03-493F-8D76-0443B298E854}.Release|Any CPU.Build.0 = Release|Any CPU
		{84FEC583-D643-4465-ADA0-C34C9BF8C624}.Debug|Any CPU.ActiveCfg = Debug|Any CPU
		{84FEC583-D643-4465-ADA0-C34C9BF8C624}.Debug|Any CPU.Build.0 = Debug|Any CPU
		{84FEC583-D643-4465-ADA0-C34C9BF8C624}.Release|Any CPU.ActiveCfg = Release|Any CPU
		{84FEC583-D643-4465-ADA0-C34C9BF8C624}.Release|Any CPU.Build.0 = Release|Any CPU
		{A6ECC225-6634-474E-97F6-54FB2F758C99}.Debug|Any CPU.ActiveCfg = Debug|Any CPU
		{A6ECC225-6634-474E-97F6-54FB2F758C99}.Debug|Any CPU.Build.0 = Debug|Any CPU
		{A6ECC225-6634-474E-97F6-54FB2F758C99}.Release|Any CPU.ActiveCfg = Release|Any CPU
		{A6ECC225-6634-474E-97F6-54FB2F758C99}.Release|Any CPU.Build.0 = Release|Any CPU
		{7092AC78-846B-424B-9CC3-94E2CB2D3C25}.Debug|Any CPU.ActiveCfg = Debug|Any CPU
		{7092AC78-846B-424B-9CC3-94E2CB2D3C25}.Debug|Any CPU.Build.0 = Debug|Any CPU
		{7092AC78-846B-424B-9CC3-94E2CB2D3C25}.Release|Any CPU.ActiveCfg = Release|Any CPU
		{7092AC78-846B-424B-9CC3-94E2CB2D3C25}.Release|Any CPU.Build.0 = Release|Any CPU
		{82E16B27-0174-499B-BFEB-169FE687EFA2}.Debug|Any CPU.ActiveCfg = Debug|Any CPU
		{82E16B27-0174-499B-BFEB-169FE687EFA2}.Debug|Any CPU.Build.0 = Debug|Any CPU
		{82E16B27-0174-499B-BFEB-169FE687EFA2}.Release|Any CPU.ActiveCfg = Release|Any CPU
		{82E16B27-0174-499B-BFEB-169FE687EFA2}.Release|Any CPU.Build.0 = Release|Any CPU
		{C47E816C-8A5C-48CE-A44B-9A095BADD0CB}.Debug|Any CPU.ActiveCfg = Debug|Any CPU
		{C47E816C-8A5C-48CE-A44B-9A095BADD0CB}.Debug|Any CPU.Build.0 = Debug|Any CPU
		{C47E816C-8A5C-48CE-A44B-9A095BADD0CB}.Release|Any CPU.ActiveCfg = Release|Any CPU
		{C47E816C-8A5C-48CE-A44B-9A095BADD0CB}.Release|Any CPU.Build.0 = Release|Any CPU
		{B10CC096-D791-437C-812F-A18ECEF5902A}.Debug|Any CPU.ActiveCfg = Debug|Any CPU
		{B10CC096-D791-437C-812F-A18ECEF5902A}.Debug|Any CPU.Build.0 = Debug|Any CPU
		{B10CC096-D791-437C-812F-A18ECEF5902A}.Release|Any CPU.ActiveCfg = Release|Any CPU
		{B10CC096-D791-437C-812F-A18ECEF5902A}.Release|Any CPU.Build.0 = Release|Any CPU
		{45837DC4-D36B-41BB-A4A4-A785C43F6B3A}.Debug|Any CPU.ActiveCfg = Debug|Any CPU
		{45837DC4-D36B-41BB-A4A4-A785C43F6B3A}.Debug|Any CPU.Build.0 = Debug|Any CPU
		{45837DC4-D36B-41BB-A4A4-A785C43F6B3A}.Release|Any CPU.ActiveCfg = Release|Any CPU
		{45837DC4-D36B-41BB-A4A4-A785C43F6B3A}.Release|Any CPU.Build.0 = Release|Any CPU
		{FF83A06F-4CC1-4985-973C-3EE0CBFC4CC0}.Debug|Any CPU.ActiveCfg = Debug|Any CPU
		{FF83A06F-4CC1-4985-973C-3EE0CBFC4CC0}.Debug|Any CPU.Build.0 = Debug|Any CPU
		{FF83A06F-4CC1-4985-973C-3EE0CBFC4CC0}.Release|Any CPU.ActiveCfg = Release|Any CPU
		{FF83A06F-4CC1-4985-973C-3EE0CBFC4CC0}.Release|Any CPU.Build.0 = Release|Any CPU
		{89EB46F1-FC6D-4334-AF54-B3D020EADCC5}.Debug|Any CPU.ActiveCfg = Debug|Any CPU
		{89EB46F1-FC6D-4334-AF54-B3D020EADCC5}.Debug|Any CPU.Build.0 = Debug|Any CPU
		{89EB46F1-FC6D-4334-AF54-B3D020EADCC5}.Release|Any CPU.ActiveCfg = Release|Any CPU
		{89EB46F1-FC6D-4334-AF54-B3D020EADCC5}.Release|Any CPU.Build.0 = Release|Any CPU
		{3F40E5B7-90FE-4A7E-9A96-9F604CF94134}.Debug|Any CPU.ActiveCfg = Debug|Any CPU
		{3F40E5B7-90FE-4A7E-9A96-9F604CF94134}.Debug|Any CPU.Build.0 = Debug|Any CPU
		{3F40E5B7-90FE-4A7E-9A96-9F604CF94134}.Release|Any CPU.ActiveCfg = Release|Any CPU
		{3F40E5B7-90FE-4A7E-9A96-9F604CF94134}.Release|Any CPU.Build.0 = Release|Any CPU
	EndGlobalSection
	GlobalSection(SolutionProperties) = preSolution
		HideSolutionNode = FALSE
	EndGlobalSection
EndGlobal
